
Microsoft Visual Studio Solution File, Format Version 12.00
# Visual Studio 15
VisualStudioVersion = 15.0.27703.2000
MinimumVisualStudioVersion = 10.0.40219.1
Project("{FAE04EC0-301F-11D3-BF4B-00C04F79EFBC}") = "Checkout", "Checkout\Checkout.csproj", "{A24EA1E8-F8FC-4D48-AB7B-18E3D3FF27C9}"
EndProject
Global
	GlobalSection(SolutionConfigurationPlatforms) = preSolution
		Debug|Any CPU = Debug|Any CPU
		Release|Any CPU = Release|Any CPU
	EndGlobalSection
	GlobalSection(ProjectConfigurationPlatforms) = postSolution
		{A24EA1E8-F8FC-4D48-AB7B-18E3D3FF27C9}.Debug|Any CPU.ActiveCfg = Debug|Any CPU
		{A24EA1E8-F8FC-4D48-AB7B-18E3D3FF27C9}.Debug|Any CPU.Build.0 = Debug|Any CPU
		{A24EA1E8-F8FC-4D48-AB7B-18E3D3FF27C9}.Release|Any CPU.ActiveCfg = Release|Any CPU
		{A24EA1E8-F8FC-4D48-AB7B-18E3D3FF27C9}.Release|Any CPU.Build.0 = Release|Any CPU
	EndGlobalSection
	GlobalSection(SolutionProperties) = preSolution
		HideSolutionNode = FALSE
	EndGlobalSection
	GlobalSection(ExtensibilityGlobals) = postSolution
		SolutionGuid = {FBEDC343-85AD-4AF1-82B2-C4288A7731A2}
	EndGlobalSection
EndGlobal
